// !$*UTF8*$!
{
	archiveVersion = 1;
	classes = {
	};
	objectVersion = 46;
	objects = {

/* Begin PBXBuildFile section */
		2435D6C71AD40F8800CC13E9 /* CustomNavigationAnimationController.swift in Sources */ = {isa = PBXBuildFile; fileRef = 2435D6C61AD40F8800CC13E9 /* CustomNavigationAnimationController.swift */; };
		243F15221BBC723A00950EDF /* nuclear_clown.jpg in Resources */ = {isa = PBXBuildFile; fileRef = 243F15211BBC723A00950EDF /* nuclear_clown.jpg */; };
		243F15241BBC737D00950EDF /* albank.jpg in Resources */ = {isa = PBXBuildFile; fileRef = 243F15231BBC737D00950EDF /* albank.jpg */; };
		243F15261BBC74B800950EDF /* solar.jpg in Resources */ = {isa = PBXBuildFile; fileRef = 243F15251BBC74B800950EDF /* solar.jpg */; };
		243F15281BBC751000950EDF /* kolding.jpg in Resources */ = {isa = PBXBuildFile; fileRef = 243F15271BBC751000950EDF /* kolding.jpg */; };
		243F152A1BBC814900950EDF /* verdo.jpg in Resources */ = {isa = PBXBuildFile; fileRef = 243F15291BBC814900950EDF /* verdo.jpg */; };
		243F152C1BBC93CD00950EDF /* EntityDecoder.swift in Sources */ = {isa = PBXBuildFile; fileRef = 243F152B1BBC93CD00950EDF /* EntityDecoder.swift */; };
		245EA6931BA5833A008FF677 /* NetworkOperation.swift in Sources */ = {isa = PBXBuildFile; fileRef = 245EA6921BA5833A008FF677 /* NetworkOperation.swift */; };
		245EA6951BA58ED6008FF677 /* DataService.swift in Sources */ = {isa = PBXBuildFile; fileRef = 245EA6941BA58ED6008FF677 /* DataService.swift */; };
		245EA6981BA59F84008FF677 /* CompanyServiceTests.swift in Sources */ = {isa = PBXBuildFile; fileRef = 245EA6971BA59F84008FF677 /* CompanyServiceTests.swift */; };
		245EA6991BA5A09F008FF677 /* DataService.swift in Sources */ = {isa = PBXBuildFile; fileRef = 245EA6941BA58ED6008FF677 /* DataService.swift */; };
		245EA69A1BA5A1B6008FF677 /* Company.swift in Sources */ = {isa = PBXBuildFile; fileRef = 24DB57371A97D466002FE93E /* Company.swift */; };
		245EA69B1BA5A31C008FF677 /* NetworkOperation.swift in Sources */ = {isa = PBXBuildFile; fileRef = 245EA6921BA5833A008FF677 /* NetworkOperation.swift */; };
		24660F2B1A9DFD3700D383A5 /* CompanyTableViewCell.swift in Sources */ = {isa = PBXBuildFile; fileRef = 24660F2A1A9DFD3700D383A5 /* CompanyTableViewCell.swift */; };
		24668E5E1BAB589100BAFFF9 /* EvaluationType.swift in Sources */ = {isa = PBXBuildFile; fileRef = 24668E5D1BAB589100BAFFF9 /* EvaluationType.swift */; };
		248494321BBE57820093E07A /* Activity.swift in Sources */ = {isa = PBXBuildFile; fileRef = 248494311BBE57820093E07A /* Activity.swift */; };
		24956AA51BBB310300CFCB2C /* LineChart.swift in Sources */ = {isa = PBXBuildFile; fileRef = 24956AA41BBB310300CFCB2C /* LineChart.swift */; };
		24AE7D8A1A9FD6AE003346D4 /* CompanyDetailViewController.swift in Sources */ = {isa = PBXBuildFile; fileRef = 24AE7D891A9FD6AE003346D4 /* CompanyDetailViewController.swift */; };
		24DB57171A97CDCE002FE93E /* AppDelegate.swift in Sources */ = {isa = PBXBuildFile; fileRef = 24DB57161A97CDCE002FE93E /* AppDelegate.swift */; };
		24DB571C1A97CDCE002FE93E /* Main.storyboard in Resources */ = {isa = PBXBuildFile; fileRef = 24DB571A1A97CDCE002FE93E /* Main.storyboard */; };
		24DB571E1A97CDCE002FE93E /* Images.xcassets in Resources */ = {isa = PBXBuildFile; fileRef = 24DB571D1A97CDCE002FE93E /* Images.xcassets */; };
		24DB57211A97CDCE002FE93E /* LaunchScreen.xib in Resources */ = {isa = PBXBuildFile; fileRef = 24DB571F1A97CDCE002FE93E /* LaunchScreen.xib */; };
		24DB572D1A97CDCE002FE93E /* ZeEyeTests.swift in Sources */ = {isa = PBXBuildFile; fileRef = 24DB572C1A97CDCE002FE93E /* ZeEyeTests.swift */; };
		24DB57381A97D466002FE93E /* Company.swift in Sources */ = {isa = PBXBuildFile; fileRef = 24DB57371A97D466002FE93E /* Company.swift */; };
		24DB573C1A97E791002FE93E /* ViewController.swift in Sources */ = {isa = PBXBuildFile; fileRef = 24DB573B1A97E791002FE93E /* ViewController.swift */; };
		24EB10AB1A9E1BA600039446 /* biomar.jpg in Resources */ = {isa = PBXBuildFile; fileRef = 24EB10A71A9E1BA600039446 /* biomar.jpg */; };
		24EB10AC1A9E1BA600039446 /* designit.jpg in Resources */ = {isa = PBXBuildFile; fileRef = 24EB10A81A9E1BA600039446 /* designit.jpg */; };
		24EB10AD1A9E1BA600039446 /* djh.jpg in Resources */ = {isa = PBXBuildFile; fileRef = 24EB10A91A9E1BA600039446 /* djh.jpg */; };
		24EB10AE1A9E1BA600039446 /* kammer.jpg in Resources */ = {isa = PBXBuildFile; fileRef = 24EB10AA1A9E1BA600039446 /* kammer.jpg */; };
		24FFD2BE1BB061A9000DFF17 /* EvaluationType.swift in Sources */ = {isa = PBXBuildFile; fileRef = 24668E5D1BAB589100BAFFF9 /* EvaluationType.swift */; };
/* End PBXBuildFile section */

/* Begin PBXContainerItemProxy section */
		24DB57271A97CDCE002FE93E /* PBXContainerItemProxy */ = {
			isa = PBXContainerItemProxy;
			containerPortal = 24DB57091A97CDCE002FE93E /* Project object */;
			proxyType = 1;
			remoteGlobalIDString = 24DB57101A97CDCE002FE93E;
			remoteInfo = ZeEye;
		};
/* End PBXContainerItemProxy section */

/* Begin PBXFileReference section */
		2435D6C61AD40F8800CC13E9 /* CustomNavigationAnimationController.swift */ = {isa = PBXFileReference; fileEncoding = 4; lastKnownFileType = sourcecode.swift; path = CustomNavigationAnimationController.swift; sourceTree = "<group>"; };
		243F15211BBC723A00950EDF /* nuclear_clown.jpg */ = {isa = PBXFileReference; lastKnownFileType = image.jpeg; path = nuclear_clown.jpg; sourceTree = "<group>"; };
		243F15231BBC737D00950EDF /* albank.jpg */ = {isa = PBXFileReference; lastKnownFileType = image.jpeg; path = albank.jpg; sourceTree = "<group>"; };
		243F15251BBC74B800950EDF /* solar.jpg */ = {isa = PBXFileReference; lastKnownFileType = image.jpeg; path = solar.jpg; sourceTree = "<group>"; };
		243F15271BBC751000950EDF /* kolding.jpg */ = {isa = PBXFileReference; lastKnownFileType = image.jpeg; path = kolding.jpg; sourceTree = "<group>"; };
		243F15291BBC814900950EDF /* verdo.jpg */ = {isa = PBXFileReference; lastKnownFileType = image.jpeg; path = verdo.jpg; sourceTree = "<group>"; };
		243F152B1BBC93CD00950EDF /* EntityDecoder.swift */ = {isa = PBXFileReference; fileEncoding = 4; lastKnownFileType = sourcecode.swift; path = EntityDecoder.swift; sourceTree = "<group>"; };
		245EA6921BA5833A008FF677 /* NetworkOperation.swift */ = {isa = PBXFileReference; fileEncoding = 4; lastKnownFileType = sourcecode.swift; path = NetworkOperation.swift; sourceTree = "<group>"; };
		245EA6941BA58ED6008FF677 /* DataService.swift */ = {isa = PBXFileReference; fileEncoding = 4; lastKnownFileType = sourcecode.swift; path = DataService.swift; sourceTree = "<group>"; };
		245EA6971BA59F84008FF677 /* CompanyServiceTests.swift */ = {isa = PBXFileReference; fileEncoding = 4; lastKnownFileType = sourcecode.swift; path = CompanyServiceTests.swift; sourceTree = "<group>"; };
		24660F2A1A9DFD3700D383A5 /* CompanyTableViewCell.swift */ = {isa = PBXFileReference; fileEncoding = 4; lastKnownFileType = sourcecode.swift; path = CompanyTableViewCell.swift; sourceTree = "<group>"; };
		24668E5D1BAB589100BAFFF9 /* EvaluationType.swift */ = {isa = PBXFileReference; fileEncoding = 4; lastKnownFileType = sourcecode.swift; path = EvaluationType.swift; sourceTree = "<group>"; };
		248494311BBE57820093E07A /* Activity.swift */ = {isa = PBXFileReference; fileEncoding = 4; lastKnownFileType = sourcecode.swift; path = Activity.swift; sourceTree = "<group>"; };
		24956AA41BBB310300CFCB2C /* LineChart.swift */ = {isa = PBXFileReference; fileEncoding = 4; lastKnownFileType = sourcecode.swift; path = LineChart.swift; sourceTree = "<group>"; };
		24AE7D891A9FD6AE003346D4 /* CompanyDetailViewController.swift */ = {isa = PBXFileReference; fileEncoding = 4; lastKnownFileType = sourcecode.swift; path = CompanyDetailViewController.swift; sourceTree = "<group>"; };
		24DB57111A97CDCE002FE93E /* ZeEye.app */ = {isa = PBXFileReference; explicitFileType = wrapper.application; includeInIndex = 0; path = ZeEye.app; sourceTree = BUILT_PRODUCTS_DIR; };
		24DB57151A97CDCE002FE93E /* Info.plist */ = {isa = PBXFileReference; lastKnownFileType = text.plist.xml; path = Info.plist; sourceTree = "<group>"; };
		24DB57161A97CDCE002FE93E /* AppDelegate.swift */ = {isa = PBXFileReference; lastKnownFileType = sourcecode.swift; path = AppDelegate.swift; sourceTree = "<group>"; };
		24DB571B1A97CDCE002FE93E /* Base */ = {isa = PBXFileReference; lastKnownFileType = file.storyboard; name = Base; path = Base.lproj/Main.storyboard; sourceTree = "<group>"; };
		24DB571D1A97CDCE002FE93E /* Images.xcassets */ = {isa = PBXFileReference; lastKnownFileType = folder.assetcatalog; path = Images.xcassets; sourceTree = "<group>"; };
		24DB57201A97CDCE002FE93E /* Base */ = {isa = PBXFileReference; lastKnownFileType = file.xib; name = Base; path = Base.lproj/LaunchScreen.xib; sourceTree = "<group>"; };
		24DB57261A97CDCE002FE93E /* ZeEyeTests.xctest */ = {isa = PBXFileReference; explicitFileType = wrapper.cfbundle; includeInIndex = 0; path = ZeEyeTests.xctest; sourceTree = BUILT_PRODUCTS_DIR; };
		24DB572B1A97CDCE002FE93E /* Info.plist */ = {isa = PBXFileReference; lastKnownFileType = text.plist.xml; path = Info.plist; sourceTree = "<group>"; };
		24DB572C1A97CDCE002FE93E /* ZeEyeTests.swift */ = {isa = PBXFileReference; lastKnownFileType = sourcecode.swift; path = ZeEyeTests.swift; sourceTree = "<group>"; };
		24DB57371A97D466002FE93E /* Company.swift */ = {isa = PBXFileReference; fileEncoding = 4; lastKnownFileType = sourcecode.swift; path = Company.swift; sourceTree = "<group>"; };
		24DB573B1A97E791002FE93E /* ViewController.swift */ = {isa = PBXFileReference; fileEncoding = 4; lastKnownFileType = sourcecode.swift; path = ViewController.swift; sourceTree = "<group>"; };
		24EB10A71A9E1BA600039446 /* biomar.jpg */ = {isa = PBXFileReference; lastKnownFileType = image.jpeg; path = biomar.jpg; sourceTree = "<group>"; };
		24EB10A81A9E1BA600039446 /* designit.jpg */ = {isa = PBXFileReference; lastKnownFileType = image.jpeg; path = designit.jpg; sourceTree = "<group>"; };
		24EB10A91A9E1BA600039446 /* djh.jpg */ = {isa = PBXFileReference; lastKnownFileType = image.jpeg; path = djh.jpg; sourceTree = "<group>"; };
		24EB10AA1A9E1BA600039446 /* kammer.jpg */ = {isa = PBXFileReference; lastKnownFileType = image.jpeg; path = kammer.jpg; sourceTree = "<group>"; };
/* End PBXFileReference section */

/* Begin PBXFrameworksBuildPhase section */
		24DB570E1A97CDCE002FE93E /* Frameworks */ = {
			isa = PBXFrameworksBuildPhase;
			buildActionMask = 2147483647;
			files = (
			);
			runOnlyForDeploymentPostprocessing = 0;
		};
		24DB57231A97CDCE002FE93E /* Frameworks */ = {
			isa = PBXFrameworksBuildPhase;
			buildActionMask = 2147483647;
			files = (
			);
			runOnlyForDeploymentPostprocessing = 0;
		};
/* End PBXFrameworksBuildPhase section */

/* Begin PBXGroup section */
		243D887B1BB87D8600E1B554 /* Utilities */ = {
			isa = PBXGroup;
			children = (
				24956AA41BBB310300CFCB2C /* LineChart.swift */,
			);
			name = Utilities;
			sourceTree = "<group>";
		};
		245EA6911BA5831E008FF677 /* Services */ = {
			isa = PBXGroup;
			children = (
				245EA6921BA5833A008FF677 /* NetworkOperation.swift */,
				245EA6941BA58ED6008FF677 /* DataService.swift */,
				243F152B1BBC93CD00950EDF /* EntityDecoder.swift */,
			);
			name = Services;
			sourceTree = "<group>";
		};
		245EA6961BA59F63008FF677 /* Services */ = {
			isa = PBXGroup;
			children = (
				245EA6971BA59F84008FF677 /* CompanyServiceTests.swift */,
			);
			name = Services;
			sourceTree = "<group>";
		};
		24660F2C1A9DFD5000D383A5 /* Views */ = {
			isa = PBXGroup;
			children = (
				24660F2A1A9DFD3700D383A5 /* CompanyTableViewCell.swift */,
			);
			name = Views;
			sourceTree = "<group>";
		};
		24AE7D881A9FD690003346D4 /* Controllers */ = {
			isa = PBXGroup;
			children = (
				24AE7D891A9FD6AE003346D4 /* CompanyDetailViewController.swift */,
				2435D6C61AD40F8800CC13E9 /* CustomNavigationAnimationController.swift */,
			);
			name = Controllers;
			sourceTree = "<group>";
		};
		24DB57081A97CDCE002FE93E = {
			isa = PBXGroup;
			children = (
				24DB57131A97CDCE002FE93E /* ZeEye */,
				24DB57291A97CDCE002FE93E /* ZeEyeTests */,
				24DB57121A97CDCE002FE93E /* Products */,
			);
			sourceTree = "<group>";
		};
		24DB57121A97CDCE002FE93E /* Products */ = {
			isa = PBXGroup;
			children = (
				24DB57111A97CDCE002FE93E /* ZeEye.app */,
				24DB57261A97CDCE002FE93E /* ZeEyeTests.xctest */,
			);
			name = Products;
			sourceTree = "<group>";
		};
		24DB57131A97CDCE002FE93E /* ZeEye */ = {
			isa = PBXGroup;
			children = (
				243D887B1BB87D8600E1B554 /* Utilities */,
				245EA6911BA5831E008FF677 /* Services */,
				24AE7D881A9FD690003346D4 /* Controllers */,
				24EB10AF1A9E1BB000039446 /* Images */,
				24660F2C1A9DFD5000D383A5 /* Views */,
				24DB57361A97D45A002FE93E /* Model */,
				24DB57161A97CDCE002FE93E /* AppDelegate.swift */,
				24DB571A1A97CDCE002FE93E /* Main.storyboard */,
				24DB573B1A97E791002FE93E /* ViewController.swift */,
				24DB571D1A97CDCE002FE93E /* Images.xcassets */,
				24DB571F1A97CDCE002FE93E /* LaunchScreen.xib */,
				24DB57141A97CDCE002FE93E /* Supporting Files */,
			);
			path = ZeEye;
			sourceTree = "<group>";
		};
		24DB57141A97CDCE002FE93E /* Supporting Files */ = {
			isa = PBXGroup;
			children = (
				24DB57151A97CDCE002FE93E /* Info.plist */,
			);
			name = "Supporting Files";
			sourceTree = "<group>";
		};
		24DB57291A97CDCE002FE93E /* ZeEyeTests */ = {
			isa = PBXGroup;
			children = (
				245EA6961BA59F63008FF677 /* Services */,
				24DB572C1A97CDCE002FE93E /* ZeEyeTests.swift */,
				24DB572A1A97CDCE002FE93E /* Supporting Files */,
			);
			path = ZeEyeTests;
			sourceTree = "<group>";
		};
		24DB572A1A97CDCE002FE93E /* Supporting Files */ = {
			isa = PBXGroup;
			children = (
				24DB572B1A97CDCE002FE93E /* Info.plist */,
			);
			name = "Supporting Files";
			sourceTree = "<group>";
		};
		24DB57361A97D45A002FE93E /* Model */ = {
			isa = PBXGroup;
			children = (
				24DB57371A97D466002FE93E /* Company.swift */,
				24668E5D1BAB589100BAFFF9 /* EvaluationType.swift */,
				248494311BBE57820093E07A /* Activity.swift */,
			);
			name = Model;
			sourceTree = "<group>";
		};
		24EB10AF1A9E1BB000039446 /* Images */ = {
			isa = PBXGroup;
			children = (
				243F15291BBC814900950EDF /* verdo.jpg */,
				243F15271BBC751000950EDF /* kolding.jpg */,
				243F15251BBC74B800950EDF /* solar.jpg */,
				243F15231BBC737D00950EDF /* albank.jpg */,
				243F15211BBC723A00950EDF /* nuclear_clown.jpg */,
				24EB10A71A9E1BA600039446 /* biomar.jpg */,
				24EB10A81A9E1BA600039446 /* designit.jpg */,
				24EB10A91A9E1BA600039446 /* djh.jpg */,
				24EB10AA1A9E1BA600039446 /* kammer.jpg */,
			);
			name = Images;
			sourceTree = "<group>";
		};
/* End PBXGroup section */

/* Begin PBXNativeTarget section */
		24DB57101A97CDCE002FE93E /* ZeEye */ = {
			isa = PBXNativeTarget;
			buildConfigurationList = 24DB57301A97CDCE002FE93E /* Build configuration list for PBXNativeTarget "ZeEye" */;
			buildPhases = (
				24DB570D1A97CDCE002FE93E /* Sources */,
				24DB570E1A97CDCE002FE93E /* Frameworks */,
				24DB570F1A97CDCE002FE93E /* Resources */,
			);
			buildRules = (
			);
			dependencies = (
			);
			name = ZeEye;
			productName = ZeEye;
			productReference = 24DB57111A97CDCE002FE93E /* ZeEye.app */;
			productType = "com.apple.product-type.application";
		};
		24DB57251A97CDCE002FE93E /* ZeEyeTests */ = {
			isa = PBXNativeTarget;
			buildConfigurationList = 24DB57331A97CDCE002FE93E /* Build configuration list for PBXNativeTarget "ZeEyeTests" */;
			buildPhases = (
				24DB57221A97CDCE002FE93E /* Sources */,
				24DB57231A97CDCE002FE93E /* Frameworks */,
				24DB57241A97CDCE002FE93E /* Resources */,
			);
			buildRules = (
			);
			dependencies = (
				24DB57281A97CDCE002FE93E /* PBXTargetDependency */,
			);
			name = ZeEyeTests;
			productName = ZeEyeTests;
			productReference = 24DB57261A97CDCE002FE93E /* ZeEyeTests.xctest */;
			productType = "com.apple.product-type.bundle.unit-test";
		};
/* End PBXNativeTarget section */

/* Begin PBXProject section */
		24DB57091A97CDCE002FE93E /* Project object */ = {
			isa = PBXProject;
			attributes = {
				LastSwiftUpdateCheck = 0700;
				LastUpgradeCheck = 0700;
				ORGANIZATIONNAME = "David Christy";
				TargetAttributes = {
					24DB57101A97CDCE002FE93E = {
						CreatedOnToolsVersion = 6.3;
					};
					24DB57251A97CDCE002FE93E = {
						CreatedOnToolsVersion = 6.3;
						TestTargetID = 24DB57101A97CDCE002FE93E;
					};
				};
			};
			buildConfigurationList = 24DB570C1A97CDCE002FE93E /* Build configuration list for PBXProject "ZeEye" */;
			compatibilityVersion = "Xcode 3.2";
			developmentRegion = English;
			hasScannedForEncodings = 0;
			knownRegions = (
				en,
				Base,
			);
			mainGroup = 24DB57081A97CDCE002FE93E;
			productRefGroup = 24DB57121A97CDCE002FE93E /* Products */;
			projectDirPath = "";
			projectRoot = "";
			targets = (
				24DB57101A97CDCE002FE93E /* ZeEye */,
				24DB57251A97CDCE002FE93E /* ZeEyeTests */,
			);
		};
/* End PBXProject section */

/* Begin PBXResourcesBuildPhase section */
		24DB570F1A97CDCE002FE93E /* Resources */ = {
			isa = PBXResourcesBuildPhase;
			buildActionMask = 2147483647;
			files = (
				24EB10AD1A9E1BA600039446 /* djh.jpg in Resources */,
				243F15261BBC74B800950EDF /* solar.jpg in Resources */,
				24DB571C1A97CDCE002FE93E /* Main.storyboard in Resources */,
				24DB57211A97CDCE002FE93E /* LaunchScreen.xib in Resources */,
				243F152A1BBC814900950EDF /* verdo.jpg in Resources */,
				243F15241BBC737D00950EDF /* albank.jpg in Resources */,
				24DB571E1A97CDCE002FE93E /* Images.xcassets in Resources */,
				243F15221BBC723A00950EDF /* nuclear_clown.jpg in Resources */,
				24EB10AC1A9E1BA600039446 /* designit.jpg in Resources */,
				24EB10AE1A9E1BA600039446 /* kammer.jpg in Resources */,
				243F15281BBC751000950EDF /* kolding.jpg in Resources */,
				24EB10AB1A9E1BA600039446 /* biomar.jpg in Resources */,
			);
			runOnlyForDeploymentPostprocessing = 0;
		};
		24DB57241A97CDCE002FE93E /* Resources */ = {
			isa = PBXResourcesBuildPhase;
			buildActionMask = 2147483647;
			files = (
			);
			runOnlyForDeploymentPostprocessing = 0;
		};
/* End PBXResourcesBuildPhase section */

/* Begin PBXSourcesBuildPhase section */
		24DB570D1A97CDCE002FE93E /* Sources */ = {
			isa = PBXSourcesBuildPhase;
			buildActionMask = 2147483647;
			files = (
				24DB57171A97CDCE002FE93E /* AppDelegate.swift in Sources */,
				24668E5E1BAB589100BAFFF9 /* EvaluationType.swift in Sources */,
				24AE7D8A1A9FD6AE003346D4 /* CompanyDetailViewController.swift in Sources */,
				24DB57381A97D466002FE93E /* Company.swift in Sources */,
				24956AA51BBB310300CFCB2C /* LineChart.swift in Sources */,
				24DB573C1A97E791002FE93E /* ViewController.swift in Sources */,
				248494321BBE57820093E07A /* Activity.swift in Sources */,
				24660F2B1A9DFD3700D383A5 /* CompanyTableViewCell.swift in Sources */,
				243F152C1BBC93CD00950EDF /* EntityDecoder.swift in Sources */,
				2435D6C71AD40F8800CC13E9 /* CustomNavigationAnimationController.swift in Sources */,
				245EA6931BA5833A008FF677 /* NetworkOperation.swift in Sources */,
				245EA6951BA58ED6008FF677 /* DataService.swift in Sources */,
			);
			runOnlyForDeploymentPostprocessing = 0;
		};
		24DB57221A97CDCE002FE93E /* Sources */ = {
			isa = PBXSourcesBuildPhase;
			buildActionMask = 2147483647;
			files = (
				24DB572D1A97CDCE002FE93E /* ZeEyeTests.swift in Sources */,
				24FFD2BE1BB061A9000DFF17 /* EvaluationType.swift in Sources */,
				245EA6991BA5A09F008FF677 /* DataService.swift in Sources */,
				245EA69B1BA5A31C008FF677 /* NetworkOperation.swift in Sources */,
				245EA6981BA59F84008FF677 /* CompanyServiceTests.swift in Sources */,
				245EA69A1BA5A1B6008FF677 /* Company.swift in Sources */,
			);
			runOnlyForDeploymentPostprocessing = 0;
		};
/* End PBXSourcesBuildPhase section */

/* Begin PBXTargetDependency section */
		24DB57281A97CDCE002FE93E /* PBXTargetDependency */ = {
			isa = PBXTargetDependency;
			target = 24DB57101A97CDCE002FE93E /* ZeEye */;
			targetProxy = 24DB57271A97CDCE002FE93E /* PBXContainerItemProxy */;
		};
/* End PBXTargetDependency section */

/* Begin PBXVariantGroup section */
		24DB571A1A97CDCE002FE93E /* Main.storyboard */ = {
			isa = PBXVariantGroup;
			children = (
				24DB571B1A97CDCE002FE93E /* Base */,
			);
			name = Main.storyboard;
			sourceTree = "<group>";
		};
		24DB571F1A97CDCE002FE93E /* LaunchScreen.xib */ = {
			isa = PBXVariantGroup;
			children = (
				24DB57201A97CDCE002FE93E /* Base */,
			);
			name = LaunchScreen.xib;
			sourceTree = "<group>";
		};
/* End PBXVariantGroup section */

/* Begin XCBuildConfiguration section */
		24DB572E1A97CDCE002FE93E /* Debug */ = {
			isa = XCBuildConfiguration;
			buildSettings = {
				ALWAYS_SEARCH_USER_PATHS = NO;
				CLANG_CXX_LANGUAGE_STANDARD = "gnu++0x";
				CLANG_CXX_LIBRARY = "libc++";
				CLANG_ENABLE_MODULES = YES;
				CLANG_ENABLE_OBJC_ARC = YES;
				CLANG_WARN_BOOL_CONVERSION = YES;
				CLANG_WARN_CONSTANT_CONVERSION = YES;
				CLANG_WARN_DIRECT_OBJC_ISA_USAGE = YES_ERROR;
				CLANG_WARN_EMPTY_BODY = YES;
				CLANG_WARN_ENUM_CONVERSION = YES;
				CLANG_WARN_INT_CONVERSION = YES;
				CLANG_WARN_OBJC_ROOT_CLASS = YES_ERROR;
				CLANG_WARN_UNREACHABLE_CODE = YES;
				CLANG_WARN__DUPLICATE_METHOD_MATCH = YES;
				"CODE_SIGN_IDENTITY[sdk=iphoneos*]" = "iPhone Developer";
				COPY_PHASE_STRIP = NO;
				DEBUG_INFORMATION_FORMAT = dwarf;
				ENABLE_STRICT_OBJC_MSGSEND = YES;
				ENABLE_TESTABILITY = YES;
				GCC_C_LANGUAGE_STANDARD = gnu99;
				GCC_DYNAMIC_NO_PIC = NO;
				GCC_OPTIMIZATION_LEVEL = 0;
				GCC_PREPROCESSOR_DEFINITIONS = (
					"DEBUG=1",
					"$(inherited)",
				);
				GCC_SYMBOLS_PRIVATE_EXTERN = NO;
				GCC_WARN_64_TO_32_BIT_CONVERSION = YES;
				GCC_WARN_ABOUT_RETURN_TYPE = YES_ERROR;
				GCC_WARN_UNDECLARED_SELECTOR = YES;
				GCC_WARN_UNINITIALIZED_AUTOS = YES_AGGRESSIVE;
				GCC_WARN_UNUSED_FUNCTION = YES;
				GCC_WARN_UNUSED_VARIABLE = YES;
				IPHONEOS_DEPLOYMENT_TARGET = 9.0;
				MTL_ENABLE_DEBUG_INFO = YES;
				ONLY_ACTIVE_ARCH = YES;
				SDKROOT = iphoneos;
				SWIFT_OPTIMIZATION_LEVEL = "-Onone";
			};
			name = Debug;
		};
		24DB572F1A97CDCE002FE93E /* Release */ = {
			isa = XCBuildConfiguration;
			buildSettings = {
				ALWAYS_SEARCH_USER_PATHS = NO;
				CLANG_CXX_LANGUAGE_STANDARD = "gnu++0x";
				CLANG_CXX_LIBRARY = "libc++";
				CLANG_ENABLE_MODULES = YES;
				CLANG_ENABLE_OBJC_ARC = YES;
				CLANG_WARN_BOOL_CONVERSION = YES;
				CLANG_WARN_CONSTANT_CONVERSION = YES;
				CLANG_WARN_DIRECT_OBJC_ISA_USAGE = YES_ERROR;
				CLANG_WARN_EMPTY_BODY = YES;
				CLANG_WARN_ENUM_CONVERSION = YES;
				CLANG_WARN_INT_CONVERSION = YES;
				CLANG_WARN_OBJC_ROOT_CLASS = YES_ERROR;
				CLANG_WARN_UNREACHABLE_CODE = YES;
				CLANG_WARN__DUPLICATE_METHOD_MATCH = YES;
				"CODE_SIGN_IDENTITY[sdk=iphoneos*]" = "iPhone Developer";
				COPY_PHASE_STRIP = NO;
				DEBUG_INFORMATION_FORMAT = "dwarf-with-dsym";
				ENABLE_NS_ASSERTIONS = NO;
				ENABLE_STRICT_OBJC_MSGSEND = YES;
				GCC_C_LANGUAGE_STANDARD = gnu99;
				GCC_WARN_64_TO_32_BIT_CONVERSION = YES;
				GCC_WARN_ABOUT_RETURN_TYPE = YES_ERROR;
				GCC_WARN_UNDECLARED_SELECTOR = YES;
				GCC_WARN_UNINITIALIZED_AUTOS = YES_AGGRESSIVE;
				GCC_WARN_UNUSED_FUNCTION = YES;
				GCC_WARN_UNUSED_VARIABLE = YES;
				IPHONEOS_DEPLOYMENT_TARGET = 9.0;
				MTL_ENABLE_DEBUG_INFO = NO;
				SDKROOT = iphoneos;
				VALIDATE_PRODUCT = YES;
			};
			name = Release;
		};
		24DB57311A97CDCE002FE93E /* Debug */ = {
			isa = XCBuildConfiguration;
			buildSettings = {
				ASSETCATALOG_COMPILER_APPICON_NAME = AppIcon;
				INFOPLIST_FILE = ZeEye/Info.plist;
				LD_RUNPATH_SEARCH_PATHS = "$(inherited) @executable_path/Frameworks";
				PRODUCT_BUNDLE_IDENTIFIER = "ZeFrog.$(PRODUCT_NAME:rfc1034identifier)";
				PRODUCT_NAME = "$(TARGET_NAME)";
			};
			name = Debug;
		};
		24DB57321A97CDCE002FE93E /* Release */ = {
			isa = XCBuildConfiguration;
			buildSettings = {
				ASSETCATALOG_COMPILER_APPICON_NAME = AppIcon;
				INFOPLIST_FILE = ZeEye/Info.plist;
				LD_RUNPATH_SEARCH_PATHS = "$(inherited) @executable_path/Frameworks";
				PRODUCT_BUNDLE_IDENTIFIER = "ZeFrog.$(PRODUCT_NAME:rfc1034identifier)";
				PRODUCT_NAME = "$(TARGET_NAME)";
			};
			name = Release;
		};
		24DB57341A97CDCE002FE93E /* Debug */ = {
			isa = XCBuildConfiguration;
			buildSettings = {
				BUNDLE_LOADER = "$(TEST_HOST)";
				FRAMEWORK_SEARCH_PATHS = (
					"$(SDKROOT)/Developer/Library/Frameworks",
					"$(inherited)",
				);
				GCC_PREPROCESSOR_DEFINITIONS = (
					"DEBUG=1",
					"$(inherited)",
				);
				INFOPLIST_FILE = ZeEyeTests/Info.plist;
				LD_RUNPATH_SEARCH_PATHS = "$(inherited) @executable_path/Frameworks @loader_path/Frameworks";
				PRODUCT_BUNDLE_IDENTIFIER = "ZeFrog.$(PRODUCT_NAME:rfc1034identifier)";
				PRODUCT_NAME = "$(TARGET_NAME)";
				TEST_HOST = "$(BUILT_PRODUCTS_DIR)/ZeEye.app/ZeEye";
			};
			name = Debug;
		};
		24DB57351A97CDCE002FE93E /* Release */ = {
			isa = XCBuildConfiguration;
			buildSettings = {
				BUNDLE_LOADER = "$(TEST_HOST)";
				FRAMEWORK_SEARCH_PATHS = (
					"$(SDKROOT)/Developer/Library/Frameworks",
					"$(inherited)",
				);
				INFOPLIST_FILE = ZeEyeTests/Info.plist;
				LD_RUNPATH_SEARCH_PATHS = "$(inherited) @executable_path/Frameworks @loader_path/Frameworks";
				PRODUCT_BUNDLE_IDENTIFIER = "ZeFrog.$(PRODUCT_NAME:rfc1034identifier)";
				PRODUCT_NAME = "$(TARGET_NAME)";
				TEST_HOST = "$(BUILT_PRODUCTS_DIR)/ZeEye.app/ZeEye";
			};
			name = Release;
		};
/* End XCBuildConfiguration section */

/* Begin XCConfigurationList section */
		24DB570C1A97CDCE002FE93E /* Build configuration list for PBXProject "ZeEye" */ = {
			isa = XCConfigurationList;
			buildConfigurations = (
				24DB572E1A97CDCE002FE93E /* Debug */,
				24DB572F1A97CDCE002FE93E /* Release */,
			);
			defaultConfigurationIsVisible = 0;
			defaultConfigurationName = Release;
		};
		24DB57301A97CDCE002FE93E /* Build configuration list for PBXNativeTarget "ZeEye" */ = {
			isa = XCConfigurationList;
			buildConfigurations = (
				24DB57311A97CDCE002FE93E /* Debug */,
				24DB57321A97CDCE002FE93E /* Release */,
			);
			defaultConfigurationIsVisible = 0;
			defaultConfigurationName = Release;
		};
		24DB57331A97CDCE002FE93E /* Build configuration list for PBXNativeTarget "ZeEyeTests" */ = {
			isa = XCConfigurationList;
			buildConfigurations = (
				24DB57341A97CDCE002FE93E /* Debug */,
				24DB57351A97CDCE002FE93E /* Release */,
			);
			defaultConfigurationIsVisible = 0;
			defaultConfigurationName = Release;
		};
/* End XCConfigurationList section */
	};
	rootObject = 24DB57091A97CDCE002FE93E /* Project object */;
}
